{
  "name": "xstate-fetch-machine",
  "version": "1.0.0",
  "lockfileVersion": 2,
  "requires": true,
  "packages": {
    "": {
      "name": "xstate-fetch-machine",
      "version": "1.0.0",
      "license": "ISC",
      "dependencies": {
        "xstate": "^4.33.5"
      }
    },
    "node_modules/xstate": {
      "version": "4.33.5",
      "resolved": "https://registry.npmjs.org/xstate/-/xstate-4.33.5.tgz",
      "integrity": "sha512-C8WGBeQC+dNMp4MmQX359BUkJCv2VPAH/CGRnhtgri5JZ7wVEX7fsbfcqznAgnKyD0m9Hd3cGhg/wuzIjnfT4A==",
      "funding": {
        "type": "opencollective",
        "url": "https://opencollective.com/xstate"
      }
    }
  },
  "dependencies": {
    "xstate": {
      "version": "4.33.5",
      "resolved": "https://registry.npmjs.org/xstate/-/xstate-4.33.5.tgz",
      "integrity": "sha512-C8WGBeQC+dNMp4MmQX359BUkJCv2VPAH/CGRnhtgri5JZ7wVEX7fsbfcqznAgnKyD0m9Hd3cGhg/wuzIjnfT4A=="
    }
  }
}
